github.com/swamp/opcodes v0.0.0-20210606130226-06c2609148c3 h1:SJqGxK+q6A/eCDLkaUXo2FOvAuXicH1pptgdZjtvC2g=
github.com/swamp/opcodes v0.0.0-20210606130226-06c2609148c3/go.mod h1:DCUPUv3e90C9rwpMcgYASQwtprvSwzusvbnTk4IfDU4=
github.com/swamp/opcodes v0.0.0-20211027224256-137b09e1c328 h1:bh0JGQsqH6iIBvcQRT6J8Q6uMOEaH271a7azFFvnMHo=
github.com/swamp/opcodes v0.0.0-20211027224256-137b09e1c328/go.mod h1:DCUPUv3e90C9rwpMcgYASQwtprvSwzusvbnTk4IfDU4=
github.com/swamp/opcodes v0.0.0-20211027230642-1eaa56f9a54d h1:q/85f5NzaEPUHQpY546Fjp+4yJy6wEeeC0Bcb1Bowp8=
github.com/swamp/opcodes v0.0.0-20211027230642-1eaa56f9a54d/go.mod h1:DCUPUv3e90C9rwpMcgYASQwtprvSwzusvbnTk4IfDU4=
github.com/swamp/opcodes v0.0.0-20211029101647-517b996370af h1:w3adyJ2TN31BMat80DViLBqcNx9DGnML7hui0c7W/gw=
github.com/swamp/opcodes v0.0.0-20211029101647-517b996370af/go.mod h1:m9QgadE+ACQ9mYFIuoVWX/+3Ol4ivU+Dnb/LcDtWB5w=
github.com/swamp/opcodes v0.0.0-20211029103012-d27f905dcd8f h1:LWs+iIHoZaWByyB14QCOajAi4myMT7EHjMkPACFdEUY=
github.com/swamp/opcodes v0.0.0-20211029103012-d27f905dcd8f/go.mod h1:m9QgadE+ACQ9mYFIuoVWX/+3Ol4ivU+Dnb/LcDtWB5w=
